// !$*UTF8*$!
{
	archiveVersion = 1;
	classes = {
	};
	objectVersion = 46;
	objects = {

/* Begin PBXBuildFile section */
		4C4587301B2147760038AB6A /* AppDelegate.swift in Sources */ = {isa = PBXBuildFile; fileRef = 4C45872F1B2147760038AB6A /* AppDelegate.swift */; };
		4C4587321B2147760038AB6A /* ViewController.swift in Sources */ = {isa = PBXBuildFile; fileRef = 4C4587311B2147760038AB6A /* ViewController.swift */; };
		4C4587351B2147760038AB6A /* Main.storyboard in Resources */ = {isa = PBXBuildFile; fileRef = 4C4587331B2147760038AB6A /* Main.storyboard */; };
		4C4587371B2147760038AB6A /* Images.xcassets in Resources */ = {isa = PBXBuildFile; fileRef = 4C4587361B2147760038AB6A /* Images.xcassets */; };
		4C45873A1B2147760038AB6A /* LaunchScreen.xib in Resources */ = {isa = PBXBuildFile; fileRef = 4C4587381B2147760038AB6A /* LaunchScreen.xib */; };
		4C4587461B2147760038AB6A /* MemeMeHassanTests.swift in Sources */ = {isa = PBXBuildFile; fileRef = 4C4587451B2147760038AB6A /* MemeMeHassanTests.swift */; };
		4C4587511B21A32D0038AB6A /* Meme.swift in Sources */ = {isa = PBXBuildFile; fileRef = 4C4587501B21A32D0038AB6A /* Meme.swift */; };
/* End PBXBuildFile section */

/* Begin PBXContainerItemProxy section */
		4C4587401B2147760038AB6A /* PBXContainerItemProxy */ = {
			isa = PBXContainerItemProxy;
			containerPortal = 4C4587221B2147760038AB6A /* Project object */;
			proxyType = 1;
			remoteGlobalIDString = 4C4587291B2147760038AB6A;
			remoteInfo = MemeMeHassan;
		};
/* End PBXContainerItemProxy section */

/* Begin PBXFileReference section */
		4C45872A1B2147760038AB6A /* MemeMeHassan.app */ = {isa = PBXFileReference; explicitFileType = wrapper.application; includeInIndex = 0; path = MemeMeHassan.app; sourceTree = BUILT_PRODUCTS_DIR; };
		4C45872E1B2147760038AB6A /* Info.plist */ = {isa = PBXFileReference; lastKnownFileType = text.plist.xml; path = Info.plist; sourceTree = "<group>"; };
		4C45872F1B2147760038AB6A /* AppDelegate.swift */ = {isa = PBXFileReference; lastKnownFileType = sourcecode.swift; path = AppDelegate.swift; sourceTree = "<group>"; };
		4C4587311B2147760038AB6A /* ViewController.swift */ = {isa = PBXFileReference; lastKnownFileType = sourcecode.swift; path = ViewController.swift; sourceTree = "<group>"; };
		4C4587341B2147760038AB6A /* Base */ = {isa = PBXFileReference; lastKnownFileType = file.storyboard; name = Base; path = Base.lproj/Main.storyboard; sourceTree = "<group>"; };
		4C4587361B2147760038AB6A /* Images.xcassets */ = {isa = PBXFileReference; lastKnownFileType = folder.assetcatalog; path = Images.xcassets; sourceTree = "<group>"; };
		4C4587391B2147760038AB6A /* Base */ = {isa = PBXFileReference; lastKnownFileType = file.xib; name = Base; path = Base.lproj/LaunchScreen.xib; sourceTree = "<group>"; };
		4C45873F1B2147760038AB6A /* MemeMeHassanTests.xctest */ = {isa = PBXFileReference; explicitFileType = wrapper.cfbundle; includeInIndex = 0; path = MemeMeHassanTests.xctest; sourceTree = BUILT_PRODUCTS_DIR; };
		4C4587441B2147760038AB6A /* Info.plist */ = {isa = PBXFileReference; lastKnownFileType = text.plist.xml; path = Info.plist; sourceTree = "<group>"; };
		4C4587451B2147760038AB6A /* MemeMeHassanTests.swift */ = {isa = PBXFileReference; lastKnownFileType = sourcecode.swift; path = MemeMeHassanTests.swift; sourceTree = "<group>"; };
		4C4587501B21A32D0038AB6A /* Meme.swift */ = {isa = PBXFileReference; fileEncoding = 4; lastKnownFileType = sourcecode.swift; path = Meme.swift; sourceTree = "<group>"; };
/* End PBXFileReference section */

/* Begin PBXFrameworksBuildPhase section */
		4C4587271B2147760038AB6A /* Frameworks */ = {
			isa = PBXFrameworksBuildPhase;
			buildActionMask = 2147483647;
			files = (
			);
			runOnlyForDeploymentPostprocessing = 0;
		};
		4C45873C1B2147760038AB6A /* Frameworks */ = {
			isa = PBXFrameworksBuildPhase;
			buildActionMask = 2147483647;
			files = (
			);
			runOnlyForDeploymentPostprocessing = 0;
		};
/* End PBXFrameworksBuildPhase section */

/* Begin PBXGroup section */
		4C4587211B2147760038AB6A = {
			isa = PBXGroup;
			children = (
				4C45872C1B2147760038AB6A /* MemeMeHassan */,
				4C4587421B2147760038AB6A /* MemeMeHassanTests */,
				4C45872B1B2147760038AB6A /* Products */,
			);
			sourceTree = "<group>";
		};
		4C45872B1B2147760038AB6A /* Products */ = {
			isa = PBXGroup;
			children = (
				4C45872A1B2147760038AB6A /* MemeMeHassan.app */,
				4C45873F1B2147760038AB6A /* MemeMeHassanTests.xctest */,
			);
			name = Products;
			sourceTree = "<group>";
		};
		4C45872C1B2147760038AB6A /* MemeMeHassan */ = {
			isa = PBXGroup;
			children = (
				4C45874F1B21A3190038AB6A /* model */,
				4C45872F1B2147760038AB6A /* AppDelegate.swift */,
				4C4587311B2147760038AB6A /* ViewController.swift */,
				4C4587331B2147760038AB6A /* Main.storyboard */,
				4C4587361B2147760038AB6A /* Images.xcassets */,
				4C4587381B2147760038AB6A /* LaunchScreen.xib */,
				4C45872D1B2147760038AB6A /* Supporting Files */,
			);
			path = MemeMeHassan;
			sourceTree = "<group>";
		};
		4C45872D1B2147760038AB6A /* Supporting Files */ = {
			isa = PBXGroup;
			children = (
				4C45872E1B2147760038AB6A /* Info.plist */,
			);
			name = "Supporting Files";
			sourceTree = "<group>";
		};
		4C4587421B2147760038AB6A /* MemeMeHassanTests */ = {
			isa = PBXGroup;
			children = (
				4C4587451B2147760038AB6A /* MemeMeHassanTests.swift */,
				4C4587431B2147760038AB6A /* Supporting Files */,
			);
			path = MemeMeHassanTests;
			sourceTree = "<group>";
		};
		4C4587431B2147760038AB6A /* Supporting Files */ = {
			isa = PBXGroup;
			children = (
				4C4587441B2147760038AB6A /* Info.plist */,
			);
			name = "Supporting Files";
			sourceTree = "<group>";
		};
		4C45874F1B21A3190038AB6A /* model */ = {
			isa = PBXGroup;
			children = (
				4C4587501B21A32D0038AB6A /* Meme.swift */,
			);
			name = model;
			sourceTree = "<group>";
		};
/* End PBXGroup section */

/* Begin PBXNativeTarget section */
		4C4587291B2147760038AB6A /* MemeMeHassan */ = {
			isa = PBXNativeTarget;
			buildConfigurationList = 4C4587491B2147760038AB6A /* Build configuration list for PBXNativeTarget "MemeMeHassan" */;
			buildPhases = (
				4C4587261B2147760038AB6A /* Sources */,
				4C4587271B2147760038AB6A /* Frameworks */,
				4C4587281B2147760038AB6A /* Resources */,
			);
			buildRules = (
			);
			dependencies = (
			);
			name = MemeMeHassan;
			productName = MemeMeHassan;
			productReference = 4C45872A1B2147760038AB6A /* MemeMeHassan.app */;
			productType = "com.apple.product-type.application";
		};
		4C45873E1B2147760038AB6A /* MemeMeHassanTests */ = {
			isa = PBXNativeTarget;
			buildConfigurationList = 4C45874C1B2147760038AB6A /* Build configuration list for PBXNativeTarget "MemeMeHassanTests" */;
			buildPhases = (
				4C45873B1B2147760038AB6A /* Sources */,
				4C45873C1B2147760038AB6A /* Frameworks */,
				4C45873D1B2147760038AB6A /* Resources */,
			);
			buildRules = (
			);
			dependencies = (
				4C4587411B2147760038AB6A /* PBXTargetDependency */,
			);
			name = MemeMeHassanTests;
			productName = MemeMeHassanTests;
			productReference = 4C45873F1B2147760038AB6A /* MemeMeHassanTests.xctest */;
			productType = "com.apple.product-type.bundle.unit-test";
		};
/* End PBXNativeTarget section */

/* Begin PBXProject section */
		4C4587221B2147760038AB6A /* Project object */ = {
			isa = PBXProject;
			attributes = {
				LastUpgradeCheck = 0630;
				ORGANIZATIONNAME = NexStreamingCorp;
				TargetAttributes = {
					4C4587291B2147760038AB6A = {
						CreatedOnToolsVersion = 6.3.2;
						DevelopmentTeam = M7ULFZ4G22;
					};
					4C45873E1B2147760038AB6A = {
						CreatedOnToolsVersion = 6.3.2;
						TestTargetID = 4C4587291B2147760038AB6A;
					};
				};
			};
			buildConfigurationList = 4C4587251B2147760038AB6A /* Build configuration list for PBXProject "MemeMeHassan" */;
			compatibilityVersion = "Xcode 3.2";
			developmentRegion = English;
			hasScannedForEncodings = 0;
			knownRegions = (
				en,
				Base,
			);
			mainGroup = 4C4587211B2147760038AB6A;
			productRefGroup = 4C45872B1B2147760038AB6A /* Products */;
			projectDirPath = "";
			projectRoot = "";
			targets = (
				4C4587291B2147760038AB6A /* MemeMeHassan */,
				4C45873E1B2147760038AB6A /* MemeMeHassanTests */,
			);
		};
/* End PBXProject section */

/* Begin PBXResourcesBuildPhase section */
		4C4587281B2147760038AB6A /* Resources */ = {
			isa = PBXResourcesBuildPhase;
			buildActionMask = 2147483647;
			files = (
				4C4587351B2147760038AB6A /* Main.storyboard in Resources */,
				4C45873A1B2147760038AB6A /* LaunchScreen.xib in Resources */,
				4C4587371B2147760038AB6A /* Images.xcassets in Resources */,
			);
			runOnlyForDeploymentPostprocessing = 0;
		};
		4C45873D1B2147760038AB6A /* Resources */ = {
			isa = PBXResourcesBuildPhase;
			buildActionMask = 2147483647;
			files = (
			);
			runOnlyForDeploymentPostprocessing = 0;
		};
/* End PBXResourcesBuildPhase section */

/* Begin PBXSourcesBuildPhase section */
		4C4587261B2147760038AB6A /* Sources */ = {
			isa = PBXSourcesBuildPhase;
			buildActionMask = 2147483647;
			files = (
				4C4587511B21A32D0038AB6A /* Meme.swift in Sources */,
				4C4587321B2147760038AB6A /* ViewController.swift in Sources */,
				4C4587301B2147760038AB6A /* AppDelegate.swift in Sources */,
			);
			runOnlyForDeploymentPostprocessing = 0;
		};
		4C45873B1B2147760038AB6A /* Sources */ = {
			isa = PBXSourcesBuildPhase;
			buildActionMask = 2147483647;
			files = (
				4C4587461B2147760038AB6A /* MemeMeHassanTests.swift in Sources */,
			);
			runOnlyForDeploymentPostprocessing = 0;
		};
/* End PBXSourcesBuildPhase section */

/* Begin PBXTargetDependency section */
		4C4587411B2147760038AB6A /* PBXTargetDependency */ = {
			isa = PBXTargetDependency;
			target = 4C4587291B2147760038AB6A /* MemeMeHassan */;
			targetProxy = 4C4587401B2147760038AB6A /* PBXContainerItemProxy */;
		};
/* End PBXTargetDependency section */

/* Begin PBXVariantGroup section */
		4C4587331B2147760038AB6A /* Main.storyboard */ = {
			isa = PBXVariantGroup;
			children = (
				4C4587341B2147760038AB6A /* Base */,
			);
			name = Main.storyboard;
			sourceTree = "<group>";
		};
		4C4587381B2147760038AB6A /* LaunchScreen.xib */ = {
			isa = PBXVariantGroup;
			children = (
				4C4587391B2147760038AB6A /* Base */,
			);
			name = LaunchScreen.xib;
			sourceTree = "<group>";
		};
/* End PBXVariantGroup section */

/* Begin XCBuildConfiguration section */
		4C4587471B2147760038AB6A /* Debug */ = {
			isa = XCBuildConfiguration;
			buildSettings = {
				ALWAYS_SEARCH_USER_PATHS = NO;
				CLANG_CXX_LANGUAGE_STANDARD = "gnu++0x";
				CLANG_CXX_LIBRARY = "libc++";
				CLANG_ENABLE_MODULES = YES;
				CLANG_ENABLE_OBJC_ARC = YES;
				CLANG_WARN_BOOL_CONVERSION = YES;
				CLANG_WARN_CONSTANT_CONVERSION = YES;
				CLANG_WARN_DIRECT_OBJC_ISA_USAGE = YES_ERROR;
				CLANG_WARN_EMPTY_BODY = YES;
				CLANG_WARN_ENUM_CONVERSION = YES;
				CLANG_WARN_INT_CONVERSION = YES;
				CLANG_WARN_OBJC_ROOT_CLASS = YES_ERROR;
				CLANG_WARN_UNREACHABLE_CODE = YES;
				CLANG_WARN__DUPLICATE_METHOD_MATCH = YES;
				"CODE_SIGN_IDENTITY[sdk=iphoneos*]" = "iPhone Developer";
				COPY_PHASE_STRIP = NO;
				DEBUG_INFORMATION_FORMAT = "dwarf-with-dsym";
				ENABLE_STRICT_OBJC_MSGSEND = YES;
				GCC_C_LANGUAGE_STANDARD = gnu99;
				GCC_DYNAMIC_NO_PIC = NO;
				GCC_NO_COMMON_BLOCKS = YES;
				GCC_OPTIMIZATION_LEVEL = 0;
				GCC_PREPROCESSOR_DEFINITIONS = (
					"DEBUG=1",
					"$(inherited)",
				);
				GCC_SYMBOLS_PRIVATE_EXTERN = NO;
				GCC_WARN_64_TO_32_BIT_CONVERSION = YES;
				GCC_WARN_ABOUT_RETURN_TYPE = YES_ERROR;
				GCC_WARN_UNDECLARED_SELECTOR = YES;
				GCC_WARN_UNINITIALIZED_AUTOS = YES_AGGRESSIVE;
				GCC_WARN_UNUSED_FUNCTION = YES;
				GCC_WARN_UNUSED_VARIABLE = YES;
				IPHONEOS_DEPLOYMENT_TARGET = 8.3;
				MTL_ENABLE_DEBUG_INFO = YES;
				ONLY_ACTIVE_ARCH = YES;
				SDKROOT = iphoneos;
				SWIFT_OPTIMIZATION_LEVEL = "-Onone";
			};
			name = Debug;
		};
		4C4587481B2147760038AB6A /* Release */ = {
			isa = XCBuildConfiguration;
			buildSettings = {
				ALWAYS_SEARCH_USER_PATHS = NO;
				CLANG_CXX_LANGUAGE_STANDARD = "gnu++0x";
				CLANG_CXX_LIBRARY = "libc++";
				CLANG_ENABLE_MODULES = YES;
				CLANG_ENABLE_OBJC_ARC = YES;
				CLANG_WARN_BOOL_CONVERSION = YES;
				CLANG_WARN_CONSTANT_CONVERSION = YES;
				CLANG_WARN_DIRECT_OBJC_ISA_USAGE = YES_ERROR;
				CLANG_WARN_EMPTY_BODY = YES;
				CLANG_WARN_ENUM_CONVERSION = YES;
				CLANG_WARN_INT_CONVERSION = YES;
				CLANG_WARN_OBJC_ROOT_CLASS = YES_ERROR;
				CLANG_WARN_UNREACHABLE_CODE = YES;
				CLANG_WARN__DUPLICATE_METHOD_MATCH = YES;
				"CODE_SIGN_IDENTITY[sdk=iphoneos*]" = "iPhone Developer";
				COPY_PHASE_STRIP = NO;
				DEBUG_INFORMATION_FORMAT = "dwarf-with-dsym";
				ENABLE_NS_ASSERTIONS = NO;
				ENABLE_STRICT_OBJC_MSGSEND = YES;
				GCC_C_LANGUAGE_STANDARD = gnu99;
				GCC_NO_COMMON_BLOCKS = YES;
				GCC_WARN_64_TO_32_BIT_CONVERSION = YES;
				GCC_WARN_ABOUT_RETURN_TYPE = YES_ERROR;
				GCC_WARN_UNDECLARED_SELECTOR = YES;
				GCC_WARN_UNINITIALIZED_AUTOS = YES_AGGRESSIVE;
				GCC_WARN_UNUSED_FUNCTION = YES;
				GCC_WARN_UNUSED_VARIABLE = YES;
				IPHONEOS_DEPLOYMENT_TARGET = 8.3;
				MTL_ENABLE_DEBUG_INFO = NO;
				SDKROOT = iphoneos;
				VALIDATE_PRODUCT = YES;
			};
			name = Release;
		};
		4C45874A1B2147760038AB6A /* Debug */ = {
			isa = XCBuildConfiguration;
			buildSettings = {
				ASSETCATALOG_COMPILER_APPICON_NAME = AppIcon;
				CODE_SIGN_IDENTITY = "iPhone Developer";
				"CODE_SIGN_IDENTITY[sdk=iphoneos*]" = "iPhone Developer";
				INFOPLIST_FILE = MemeMeHassan/Info.plist;
				LD_RUNPATH_SEARCH_PATHS = "$(inherited) @executable_path/Frameworks";
				PRODUCT_NAME = "$(TARGET_NAME)";
				PROVISIONING_PROFILE = "";
			};
			name = Debug;
		};
		4C45874B1B2147760038AB6A /* Release */ = {
			isa = XCBuildConfiguration;
			buildSettings = {
				ASSETCATALOG_COMPILER_APPICON_NAME = AppIcon;
				CODE_SIGN_IDENTITY = "iPhone Developer";
				"CODE_SIGN_IDENTITY[sdk=iphoneos*]" = "iPhone Developer";
				INFOPLIST_FILE = MemeMeHassan/Info.plist;
				LD_RUNPATH_SEARCH_PATHS = "$(inherited) @executable_path/Frameworks";
				PRODUCT_NAME = "$(TARGET_NAME)";
				PROVISIONING_PROFILE = "";
			};
			name = Release;
		};
		4C45874D1B2147760038AB6A /* Debug */ = {
			isa = XCBuildConfiguration;
			buildSettings = {
				BUNDLE_LOADER = "$(TEST_HOST)";
				FRAMEWORK_SEARCH_PATHS = (
					"$(SDKROOT)/Developer/Library/Frameworks",
					"$(inherited)",
				);
				GCC_PREPROCESSOR_DEFINITIONS = (
					"DEBUG=1",
					"$(inherited)",
				);
				INFOPLIST_FILE = MemeMeHassanTests/Info.plist;
				LD_RUNPATH_SEARCH_PATHS = "$(inherited) @executable_path/Frameworks @loader_path/Frameworks";
				PRODUCT_NAME = "$(TARGET_NAME)";
				TEST_HOST = "$(BUILT_PRODUCTS_DIR)/MemeMeHassan.app/MemeMeHassan";
			};
			name = Debug;
		};
		4C45874E1B2147760038AB6A /* Release */ = {
			isa = XCBuildConfiguration;
			buildSettings = {
				BUNDLE_LOADER = "$(TEST_HOST)";
				FRAMEWORK_SEARCH_PATHS = (
					"$(SDKROOT)/Developer/Library/Frameworks",
					"$(inherited)",
				);
				INFOPLIST_FILE = MemeMeHassanTests/Info.plist;
				LD_RUNPATH_SEARCH_PATHS = "$(inherited) @executable_path/Frameworks @loader_path/Frameworks";
				PRODUCT_NAME = "$(TARGET_NAME)";
				TEST_HOST = "$(BUILT_PRODUCTS_DIR)/MemeMeHassan.app/MemeMeHassan";
			};
			name = Release;
		};
/* End XCBuildConfiguration section */

/* Begin XCConfigurationList section */
		4C4587251B2147760038AB6A /* Build configuration list for PBXProject "MemeMeHassan" */ = {
			isa = XCConfigurationList;
			buildConfigurations = (
				4C4587471B2147760038AB6A /* Debug */,
				4C4587481B2147760038AB6A /* Release */,
			);
			defaultConfigurationIsVisible = 0;
			defaultConfigurationName = Release;
		};
		4C4587491B2147760038AB6A /* Build configuration list for PBXNativeTarget "MemeMeHassan" */ = {
			isa = XCConfigurationList;
			buildConfigurations = (
				4C45874A1B2147760038AB6A /* Debug */,
				4C45874B1B2147760038AB6A /* Release */,
			);
			defaultConfigurationIsVisible = 0;
		};
		4C45874C1B2147760038AB6A /* Build configuration list for PBXNativeTarget "MemeMeHassanTests" */ = {
			isa = XCConfigurationList;
			buildConfigurations = (
				4C45874D1B2147760038AB6A /* Debug */,
				4C45874E1B2147760038AB6A /* Release */,
			);
			defaultConfigurationIsVisible = 0;
		};
/* End XCConfigurationList section */
	};
	rootObject = 4C4587221B2147760038AB6A /* Project object */;
}
